
Microsoft Visual Studio Solution File, Format Version 12.00
# Visual Studio Version 16
VisualStudioVersion = 16.0.30907.101
MinimumVisualStudioVersion = 10.0.40219.1
Project("{FAE04EC0-301F-11D3-BF4B-00C04F79EFBC}") = "AlgoritmLesson4", "AlgoritmLesson4\AlgoritmLesson4.csproj", "{A2C27611-DD8B-4D0A-AEA6-5DD90A64CBFA}"
EndProject
Global
	GlobalSection(SolutionConfigurationPlatforms) = preSolution
		Debug|Any CPU = Debug|Any CPU
		Release|Any CPU = Release|Any CPU
	EndGlobalSection
	GlobalSection(ProjectConfigurationPlatforms) = postSolution
		{A2C27611-DD8B-4D0A-AEA6-5DD90A64CBFA}.Debug|Any CPU.ActiveCfg = Debug|Any CPU
		{A2C27611-DD8B-4D0A-AEA6-5DD90A64CBFA}.Debug|Any CPU.Build.0 = Debug|Any CPU
		{A2C27611-DD8B-4D0A-AEA6-5DD90A64CBFA}.Release|Any CPU.ActiveCfg = Release|Any CPU
		{A2C27611-DD8B-4D0A-AEA6-5DD90A64CBFA}.Release|Any CPU.Build.0 = Release|Any CPU
	EndGlobalSection
	GlobalSection(SolutionProperties) = preSolution
		HideSolutionNode = FALSE
	EndGlobalSection
	GlobalSection(ExtensibilityGlobals) = postSolution
		SolutionGuid = {333F95D3-EBAB-4E9B-B247-613E40ACC304}
	EndGlobalSection
EndGlobal
